// !$*UTF8*$!
{
	archiveVersion = 1;
	classes = {
	};
	objectVersion = 56;
	objects = {

/* Begin PBXBuildFile section */
		A001 /* BlockerApp.swift in Sources */ = {isa = PBXBuildFile; fileRef = B001 /* BlockerApp.swift */; };
		A002 /* BlacklistStore.swift in Sources */ = {isa = PBXBuildFile; fileRef = B002 /* BlacklistStore.swift */; };
		A003 /* ContentView.swift in Sources */ = {isa = PBXBuildFile; fileRef = B003 /* ContentView.swift */; };
		A004 /* BlacklistView.swift in Sources */ = {isa = PBXBuildFile; fileRef = B004 /* BlacklistView.swift */; };
		A005 /* AddNumberView.swift in Sources */ = {isa = PBXBuildFile; fileRef = B005 /* AddNumberView.swift */; };
		A006 /* ImportView.swift in Sources */ = {isa = PBXBuildFile; fileRef = B006 /* ImportView.swift */; };
		A007 /* SettingsView.swift in Sources */ = {isa = PBXBuildFile; fileRef = B007 /* SettingsView.swift */; };
		A008 /* CallDirectoryHandler.swift in Sources */ = {isa = PBXBuildFile; fileRef = B008 /* CallDirectoryHandler.swift */; };
/* End PBXBuildFile section */

/* Begin PBXFileReference section */
		B001 /* BlockerApp.swift */ = {isa = PBXFileReference; lastKnownFileType = sourcecode.swift; path = BlockerApp.swift; sourceTree = "<group>"; };
		B002 /* BlacklistStore.swift */ = {isa = PBXFileReference; lastKnownFileType = sourcecode.swift; path = BlacklistStore.swift; sourceTree = "<group>"; };
		B003 /* ContentView.swift */ = {isa = PBXFileReference; lastKnownFileType = sourcecode.swift; path = ContentView.swift; sourceTree = "<group>"; };
		B004 /* BlacklistView.swift */ = {isa = PBXFileReference; lastKnownFileType = sourcecode.swift; path = BlacklistView.swift; sourceTree = "<group>"; };
		B005 /* AddNumberView.swift */ = {isa = PBXFileReference; lastKnownFileType = sourcecode.swift; path = AddNumberView.swift; sourceTree = "<group>"; };
		B006 /* ImportView.swift */ = {isa = PBXFileReference; lastKnownFileType = sourcecode.swift; path = ImportView.swift; sourceTree = "<group>"; };
		B007 /* SettingsView.swift */ = {isa = PBXFileReference; lastKnownFileType = sourcecode.swift; path = SettingsView.swift; sourceTree = "<group>"; };
		B008 /* CallDirectoryHandler.swift */ = {isa = PBXFileReference; lastKnownFileType = sourcecode.swift; path = CallDirectoryHandler.swift; sourceTree = "<group>"; };
		C001 /* BlockerApp.app */ = {isa = PBXFileReference; explicitFileType = wrapper.application; includeInIndex = 0; path = BlockerApp.app; sourceTree = BUILT_PRODUCTS_DIR; };
		C002 /* CallBlockerExtension.appex */ = {isa = PBXFileReference; explicitFileType = "wrapper.app-extension"; includeInIndex = 0; path = CallBlockerExtension.appex; sourceTree = BUILT_PRODUCTS_DIR; };
/* End PBXFileReference section */

/* Begin PBXGroup section */
		ROOT /* root group */ = {
			isa = PBXGroup;
			children = (
				APPGROUP /* BlockerApp */,
				EXTGROUP /* CallBlockerExtension */,
				PRODUCTS /* Products */,
			);
			sourceTree = "<group>";
		};
		APPGROUP /* BlockerApp */ = {
			isa = PBXGroup;
			children = (
				B001 /* BlockerApp.swift */,
				B002 /* BlacklistStore.swift */,
				B003 /* ContentView.swift */,
				B004 /* BlacklistView.swift */,
				B005 /* AddNumberView.swift */,
				B006 /* ImportView.swift */,
				B007 /* SettingsView.swift */,
			);
			path = BlockerApp;
			sourceTree = "<group>";
		};
		EXTGROUP /* CallBlockerExtension */ = {
			isa = PBXGroup;
			children = (
				B008 /* CallDirectoryHandler.swift */,
			);
			path = CallBlockerExtension;
			sourceTree = "<group>";
		};
		PRODUCTS /* Products */ = {
			isa = PBXGroup;
			children = (
				C001 /* BlockerApp.app */,
				C002 /* CallBlockerExtension.appex */,
			);
			name = Products;
			sourceTree = "<group>";
		};
/* End PBXGroup section */

/* Begin PBXNativeTarget section */
		T001 /* BlockerApp */ = {
			isa = PBXNativeTarget;
			buildConfigurationList = XCT001;
			buildPhases = (
				PH001 /* Sources */,
				PH002 /* Frameworks */,
				PH003 /* Resources */,
			);
			buildRules = ();
			dependencies = (
				DEP001 /* CallBlockerExtension dependency */,
			);
			name = BlockerApp;
			productName = BlockerApp;
			productReference = C001 /* BlockerApp.app */;
			productType = "com.apple.product-type.application";
		};
		T002 /* CallBlockerExtension */ = {
			isa = PBXNativeTarget;
			buildConfigurationList = XCT002;
			buildPhases = (
				PH004 /* Sources */,
				PH005 /* Frameworks */,
			);
			buildRules = ();
			dependencies = ();
			name = CallBlockerExtension;
			productName = CallBlockerExtension;
			productReference = C002 /* CallBlockerExtension.appex */;
			productType = "com.apple.product-type.app-extension";
		};
/* End PBXNativeTarget section */

/* Begin PBXProject section */
		PROJ /* Project object */ = {
			isa = PBXProject;
			attributes = {
				BuildIndependentTargetsInParallel = 1;
				LastSwiftUpdateCheck = 1500;
				LastUpgradeCheck = 1500;
				TargetAttributes = {
					T001 = {
						CreatedOnToolsVersion = 15.0;
					};
					T002 = {
						CreatedOnToolsVersion = 15.0;
					};
				};
			};
			buildConfigurationList = XCP001;
			compatibilityVersion = "Xcode 14.0";
			developmentRegion = it;
			hasScannedForEncodings = 0;
			knownRegions = (
				it,
				en,
				Base,
			);
			mainGroup = ROOT;
			productRefGroup = PRODUCTS;
			projectDirPath = "";
			projectRoot = "";
			targets = (
				T001 /* BlockerApp */,
				T002 /* CallBlockerExtension */,
			);
		};
/* End PBXProject section */

/* Begin PBXSourcesBuildPhase section */
		PH001 /* Sources */ = {
			isa = PBXSourcesBuildPhase;
			buildActionMask = 2147483647;
			files = (
				A001 /* BlockerApp.swift in Sources */,
				A002 /* BlacklistStore.swift in Sources */,
				A003 /* ContentView.swift in Sources */,
				A004 /* BlacklistView.swift in Sources */,
				A005 /* AddNumberView.swift in Sources */,
				A006 /* ImportView.swift in Sources */,
				A007 /* SettingsView.swift in Sources */,
			);
			runOnlyForDeploymentPostprocessing = 0;
		};
		PH002 /* Frameworks */ = {
			isa = PBXSourcesBuildPhase;
			buildActionMask = 2147483647;
			files = ();
			runOnlyForDeploymentPostprocessing = 0;
		};
		PH003 /* Resources */ = {
			isa = PBXResourcesBuildPhase;
			buildActionMask = 2147483647;
			files = ();
			runOnlyForDeploymentPostprocessing = 0;
		};
		PH004 /* Sources */ = {
			isa = PBXSourcesBuildPhase;
			buildActionMask = 2147483647;
			files = (
				A008 /* CallDirectoryHandler.swift in Sources */,
			);
			runOnlyForDeploymentPostprocessing = 0;
		};
		PH005 /* Frameworks */ = {
			isa = PBXSourcesBuildPhase;
			buildActionMask = 2147483647;
			files = ();
			runOnlyForDeploymentPostprocessing = 0;
		};
/* End PBXSourcesBuildPhase section */

/* Begin PBXTargetDependency section */
		DEP001 = {
			isa = PBXTargetDependency;
			target = T002 /* CallBlockerExtension */;
		};
/* End PBXTargetDependency section */

/* Begin XCBuildConfiguration section */
		/* Project - Debug */
		XCC001 = {
			isa = XCBuildConfiguration;
			buildSettings = {
				ALWAYS_SEARCH_USER_PATHS = NO;
				CLANG_ANALYZER_NONNULL = YES;
				CLANG_ENABLE_MODULES = YES;
				CLANG_ENABLE_OBJC_ARC = YES;
				COPY_PHASE_STRIP = NO;
				DEBUG_INFORMATION_FORMAT = dwarf;
				ENABLE_STRICT_OBJC_MSGSEND = YES;
				ENABLE_TESTABILITY = YES;
				GCC_DYNAMIC_NO_PIC = NO;
				GCC_OPTIMIZATION_LEVEL = 0;
				GCC_PREPROCESSOR_DEFINITIONS = ("DEBUG=1", "$(inherited)");
				IPHONEOS_DEPLOYMENT_TARGET = 16.0;
				MTL_ENABLE_DEBUG_INFO = INCLUDE_SOURCE;
				ONLY_ACTIVE_ARCH = YES;
				SDKROOT = iphoneos;
				SWIFT_ACTIVE_COMPILATION_CONDITIONS = DEBUG;
				SWIFT_OPTIMIZATION_LEVEL = "-Onone";
				SWIFT_VERSION = 5.0;
			};
			name = Debug;
		};
		/* Project - Release */
		XCC002 = {
			isa = XCBuildConfiguration;
			buildSettings = {
				ALWAYS_SEARCH_USER_PATHS = NO;
				CLANG_ANALYZER_NONNULL = YES;
				CLANG_ENABLE_MODULES = YES;
				CLANG_ENABLE_OBJC_ARC = YES;
				COPY_PHASE_STRIP = NO;
				DEBUG_INFORMATION_FORMAT = "dwarf-with-dsym";
				ENABLE_NS_ASSERTIONS = NO;
				ENABLE_STRICT_OBJC_MSGSEND = YES;
				IPHONEOS_DEPLOYMENT_TARGET = 16.0;
				MTL_ENABLE_DEBUG_INFO = NO;
				SDKROOT = iphoneos;
				SWIFT_OPTIMIZATION_LEVEL = "-Owholemodule";
				SWIFT_VERSION = 5.0;
				VALIDATE_PRODUCT = YES;
			};
			name = Release;
		};
		/* BlockerApp - Debug */
		XCC003 = {
			isa = XCBuildConfiguration;
			buildSettings = {
				ASSETCATALOG_COMPILER_APPICON_NAME = AppIcon;
				BUNDLE_IDENTIFIER_PREFIX = com.tuonome;
				CODE_SIGN_STYLE = Automatic;
				CURRENT_PROJECT_VERSION = 1;
				DEVELOPMENT_TEAM = "";
				GENERATE_INFOPLIST_FILE = YES;
				INFOPLIST_FILE = BlockerApp/Info.plist;
				INFOPLIST_KEY_UIApplicationSceneManifest_Generation = YES;
				INFOPLIST_KEY_UILaunchScreen_Generation = YES;
				INFOPLIST_KEY_UISupportedInterfaceOrientations_iPhone = UIInterfaceOrientationPortrait;
				IPHONEOS_DEPLOYMENT_TARGET = 16.0;
				LD_RUNPATH_SEARCH_PATHS = ("$(inherited)", "@executable_path/Frameworks");
				MARKETING_VERSION = 1.0;
				PRODUCT_BUNDLE_IDENTIFIER = com.tuonome.blockerapp;
				PRODUCT_NAME = "$(TARGET_NAME)";
				SDKROOT = iphoneos;
				SWIFT_VERSION = 5.0;
				TARGETED_DEVICE_FAMILY = 1;
			};
			name = Debug;
		};
		/* BlockerApp - Release */
		XCC004 = {
			isa = XCBuildConfiguration;
			buildSettings = {
				ASSETCATALOG_COMPILER_APPICON_NAME = AppIcon;
				CODE_SIGN_STYLE = Automatic;
				CURRENT_PROJECT_VERSION = 1;
				DEVELOPMENT_TEAM = "";
				GENERATE_INFOPLIST_FILE = YES;
				INFOPLIST_FILE = BlockerApp/Info.plist;
				INFOPLIST_KEY_UIApplicationSceneManifest_Generation = YES;
				INFOPLIST_KEY_UILaunchScreen_Generation = YES;
				INFOPLIST_KEY_UISupportedInterfaceOrientations_iPhone = UIInterfaceOrientationPortrait;
				IPHONEOS_DEPLOYMENT_TARGET = 16.0;
				LD_RUNPATH_SEARCH_PATHS = ("$(inherited)", "@executable_path/Frameworks");
				MARKETING_VERSION = 1.0;
				PRODUCT_BUNDLE_IDENTIFIER = com.tuonome.blockerapp;
				PRODUCT_NAME = "$(TARGET_NAME)";
				SDKROOT = iphoneos;
				SWIFT_VERSION = 5.0;
				TARGETED_DEVICE_FAMILY = 1;
			};
			name = Release;
		};
		/* Extension - Debug */
		XCC005 = {
			isa = XCBuildConfiguration;
			buildSettings = {
				CODE_SIGN_STYLE = Automatic;
				CURRENT_PROJECT_VERSION = 1;
				DEVELOPMENT_TEAM = "";
				GENERATE_INFOPLIST_FILE = YES;
				INFOPLIST_FILE = CallBlockerExtension/Info.plist;
				IPHONEOS_DEPLOYMENT_TARGET = 16.0;
				LD_RUNPATH_SEARCH_PATHS = ("$(inherited)", "@executable_path/Frameworks", "@executable_path/../../Frameworks");
				MARKETING_VERSION = 1.0;
				PRODUCT_BUNDLE_IDENTIFIER = com.tuonome.blockerapp.CallBlockerExtension;
				PRODUCT_NAME = "$(TARGET_NAME)";
				SDKROOT = iphoneos;
				SKIP_INSTALL = YES;
				SWIFT_VERSION = 5.0;
				TARGETED_DEVICE_FAMILY = 1;
			};
			name = Debug;
		};
		/* Extension - Release */
		XCC006 = {
			isa = XCBuildConfiguration;
			buildSettings = {
				CODE_SIGN_STYLE = Automatic;
				CURRENT_PROJECT_VERSION = 1;
				DEVELOPMENT_TEAM = "";
				GENERATE_INFOPLIST_FILE = YES;
				INFOPLIST_FILE = CallBlockerExtension/Info.plist;
				IPHONEOS_DEPLOYMENT_TARGET = 16.0;
				LD_RUNPATH_SEARCH_PATHS = ("$(inherited)", "@executable_path/Frameworks", "@executable_path/../../Frameworks");
				MARKETING_VERSION = 1.0;
				PRODUCT_BUNDLE_IDENTIFIER = com.tuonome.blockerapp.CallBlockerExtension;
				PRODUCT_NAME = "$(TARGET_NAME)";
				SDKROOT = iphoneos;
				SKIP_INSTALL = YES;
				SWIFT_VERSION = 5.0;
				TARGETED_DEVICE_FAMILY = 1;
			};
			name = Release;
		};
/* End XCBuildConfiguration section */

/* Begin XCConfigurationList section */
		XCP001 /* Build configuration list for PBXProject */ = {
			isa = XCConfigurationList;
			buildConfigurations = (
				XCC001 /* Debug */,
				XCC002 /* Release */,
			);
			defaultConfigurationIsVisible = 0;
			defaultConfigurationName = Release;
		};
		XCT001 /* Build configuration list for BlockerApp */ = {
			isa = XCConfigurationList;
			buildConfigurations = (
				XCC003 /* Debug */,
				XCC004 /* Release */,
			);
			defaultConfigurationIsVisible = 0;
			defaultConfigurationName = Release;
		};
		XCT002 /* Build configuration list for CallBlockerExtension */ = {
			isa = XCConfigurationList;
			buildConfigurations = (
				XCC005 /* Debug */,
				XCC006 /* Release */,
			);
			defaultConfigurationIsVisible = 0;
			defaultConfigurationName = Release;
		};
/* End XCConfigurationList section */

	};
	rootObject = PROJ /* Project object */;
}
